
Microsoft Visual Studio Solution File, Format Version 12.00
# Visual Studio 2013
VisualStudioVersion = 12.0.21005.1
MinimumVisualStudioVersion = 10.0.40219.1
Project("{FAE04EC0-301F-11D3-BF4B-00C04F79EFBC}") = "String-Calculator", "String-Calculator\String-Calculator.csproj", "{DC8E5BB4-E893-4CB3-B14A-2C2D34302BC5}"
EndProject
Project("{FAE04EC0-301F-11D3-BF4B-00C04F79EFBC}") = "CalculatorTests", "CalculatorTests\CalculatorTests.csproj", "{159DA46E-ECE9-4D4F-BF39-3AEE2387BB1E}"
EndProject
Global
	GlobalSection(SolutionConfigurationPlatforms) = preSolution
		Debug|Any CPU = Debug|Any CPU
		Release|Any CPU = Release|Any CPU
	EndGlobalSection
	GlobalSection(ProjectConfigurationPlatforms) = postSolution
		{DC8E5BB4-E893-4CB3-B14A-2C2D34302BC5}.Debug|Any CPU.ActiveCfg = Debug|Any CPU
		{DC8E5BB4-E893-4CB3-B14A-2C2D34302BC5}.Debug|Any CPU.Build.0 = Debug|Any CPU
		{DC8E5BB4-E893-4CB3-B14A-2C2D34302BC5}.Release|Any CPU.ActiveCfg = Release|Any CPU
		{DC8E5BB4-E893-4CB3-B14A-2C2D34302BC5}.Release|Any CPU.Build.0 = Release|Any CPU
		{159DA46E-ECE9-4D4F-BF39-3AEE2387BB1E}.Debug|Any CPU.ActiveCfg = Debug|Any CPU
		{159DA46E-ECE9-4D4F-BF39-3AEE2387BB1E}.Debug|Any CPU.Build.0 = Debug|Any CPU
		{159DA46E-ECE9-4D4F-BF39-3AEE2387BB1E}.Release|Any CPU.ActiveCfg = Release|Any CPU
		{159DA46E-ECE9-4D4F-BF39-3AEE2387BB1E}.Release|Any CPU.Build.0 = Release|Any CPU
	EndGlobalSection
	GlobalSection(SolutionProperties) = preSolution
		HideSolutionNode = FALSE
	EndGlobalSection
EndGlobal
